// !$*UTF8*$!
{
	archiveVersion = 1;
	classes = {
	};
	objectVersion = 50;
	objects = {

/* Begin PBXBuildFile section */
		289DBEB322D8D3520093EFDE /* AppDelegate.swift in Sources */ = {isa = PBXBuildFile; fileRef = 289DBEB222D8D3520093EFDE /* AppDelegate.swift */; };
		289DBEB522D8D3520093EFDE /* ViewController.swift in Sources */ = {isa = PBXBuildFile; fileRef = 289DBEB422D8D3520093EFDE /* ViewController.swift */; };
		289DBEB822D8D3520093EFDE /* Main.storyboard in Resources */ = {isa = PBXBuildFile; fileRef = 289DBEB622D8D3520093EFDE /* Main.storyboard */; };
		289DBEBA22D8D3540093EFDE /* Assets.xcassets in Resources */ = {isa = PBXBuildFile; fileRef = 289DBEB922D8D3540093EFDE /* Assets.xcassets */; };
		289DBEBD22D8D3540093EFDE /* LaunchScreen.storyboard in Resources */ = {isa = PBXBuildFile; fileRef = 289DBEBB22D8D3540093EFDE /* LaunchScreen.storyboard */; };
		289DBEC522D8D61D0093EFDE /* pic.png in Resources */ = {isa = PBXBuildFile; fileRef = 289DBEC422D8D61D0093EFDE /* pic.png */; };
/* End PBXBuildFile section */

/* Begin PBXFileReference section */
		289DBEAF22D8D3520093EFDE /* ImageScale.app */ = {isa = PBXFileReference; explicitFileType = wrapper.application; includeInIndex = 0; path = ImageScale.app; sourceTree = BUILT_PRODUCTS_DIR; };
		289DBEB222D8D3520093EFDE /* AppDelegate.swift */ = {isa = PBXFileReference; lastKnownFileType = sourcecode.swift; path = AppDelegate.swift; sourceTree = "<group>"; };
		289DBEB422D8D3520093EFDE /* ViewController.swift */ = {isa = PBXFileReference; lastKnownFileType = sourcecode.swift; path = ViewController.swift; sourceTree = "<group>"; };
		289DBEB722D8D3520093EFDE /* Base */ = {isa = PBXFileReference; lastKnownFileType = file.storyboard; name = Base; path = Base.lproj/Main.storyboard; sourceTree = "<group>"; };
		289DBEB922D8D3540093EFDE /* Assets.xcassets */ = {isa = PBXFileReference; lastKnownFileType = folder.assetcatalog; path = Assets.xcassets; sourceTree = "<group>"; };
		289DBEBC22D8D3540093EFDE /* Base */ = {isa = PBXFileReference; lastKnownFileType = file.storyboard; name = Base; path = Base.lproj/LaunchScreen.storyboard; sourceTree = "<group>"; };
		289DBEBE22D8D3540093EFDE /* Info.plist */ = {isa = PBXFileReference; lastKnownFileType = text.plist.xml; path = Info.plist; sourceTree = "<group>"; };
		289DBEC422D8D61D0093EFDE /* pic.png */ = {isa = PBXFileReference; lastKnownFileType = image.png; path = pic.png; sourceTree = "<group>"; };
/* End PBXFileReference section */

/* Begin PBXFrameworksBuildPhase section */
		289DBEAC22D8D3520093EFDE /* Frameworks */ = {
			isa = PBXFrameworksBuildPhase;
			buildActionMask = 2147483647;
			files = (
			);
			runOnlyForDeploymentPostprocessing = 0;
		};
/* End PBXFrameworksBuildPhase section */

/* Begin PBXGroup section */
		289DBEA622D8D3520093EFDE = {
			isa = PBXGroup;
			children = (
				289DBEB122D8D3520093EFDE /* ImageScale */,
				289DBEB022D8D3520093EFDE /* Products */,
			);
			sourceTree = "<group>";
		};
		289DBEB022D8D3520093EFDE /* Products */ = {
			isa = PBXGroup;
			children = (
				289DBEAF22D8D3520093EFDE /* ImageScale.app */,
			);
			name = Products;
			sourceTree = "<group>";
		};
		289DBEB122D8D3520093EFDE /* ImageScale */ = {
			isa = PBXGroup;
			children = (
				289DBEC422D8D61D0093EFDE /* pic.png */,
				289DBEB222D8D3520093EFDE /* AppDelegate.swift */,
				289DBEB422D8D3520093EFDE /* ViewController.swift */,
				289DBEB622D8D3520093EFDE /* Main.storyboard */,
				289DBEB922D8D3540093EFDE /* Assets.xcassets */,
				289DBEBB22D8D3540093EFDE /* LaunchScreen.storyboard */,
				289DBEBE22D8D3540093EFDE /* Info.plist */,
			);
			path = ImageScale;
			sourceTree = "<group>";
		};
/* End PBXGroup section */

/* Begin PBXNativeTarget section */
		289DBEAE22D8D3520093EFDE /* ImageScale */ = {
			isa = PBXNativeTarget;
			buildConfigurationList = 289DBEC122D8D3540093EFDE /* Build configuration list for PBXNativeTarget "ImageScale" */;
			buildPhases = (
				289DBEAB22D8D3520093EFDE /* Sources */,
				289DBEAC22D8D3520093EFDE /* Frameworks */,
				289DBEAD22D8D3520093EFDE /* Resources */,
			);
			buildRules = (
			);
			dependencies = (
			);
			name = ImageScale;
			productName = ImageScale;
			productReference = 289DBEAF22D8D3520093EFDE /* ImageScale.app */;
			productType = "com.apple.product-type.application";
		};
/* End PBXNativeTarget section */

/* Begin PBXProject section */
		289DBEA722D8D3520093EFDE /* Project object */ = {
			isa = PBXProject;
			attributes = {
				LastSwiftUpdateCheck = 1010;
				LastUpgradeCheck = 1010;
				ORGANIZATIONNAME = "Ahmed Khalaf";
				TargetAttributes = {
					289DBEAE22D8D3520093EFDE = {
						CreatedOnToolsVersion = 10.1;
					};
				};
			};
			buildConfigurationList = 289DBEAA22D8D3520093EFDE /* Build configuration list for PBXProject "ImageScale" */;
			compatibilityVersion = "Xcode 9.3";
			developmentRegion = en;
			hasScannedForEncodings = 0;
			knownRegions = (
				en,
				Base,
			);
			mainGroup = 289DBEA622D8D3520093EFDE;
			productRefGroup = 289DBEB022D8D3520093EFDE /* Products */;
			projectDirPath = "";
			projectRoot = "";
			targets = (
				289DBEAE22D8D3520093EFDE /* ImageScale */,
			);
		};
/* End PBXProject section */

/* Begin PBXResourcesBuildPhase section */
		289DBEAD22D8D3520093EFDE /* Resources */ = {
			isa = PBXResourcesBuildPhase;
			buildActionMask = 2147483647;
			files = (
				289DBEBD22D8D3540093EFDE /* LaunchScreen.storyboard in Resources */,
				289DBEBA22D8D3540093EFDE /* Assets.xcassets in Resources */,
				289DBEC522D8D61D0093EFDE /* pic.png in Resources */,
				289DBEB822D8D3520093EFDE /* Main.storyboard in Resources */,
			);
			runOnlyForDeploymentPostprocessing = 0;
		};
/* End PBXResourcesBuildPhase section */

/* Begin PBXSourcesBuildPhase section */
		289DBEAB22D8D3520093EFDE /* Sources */ = {
			isa = PBXSourcesBuildPhase;
			buildActionMask = 2147483647;
			files = (
				289DBEB522D8D3520093EFDE /* ViewController.swift in Sources */,
				289DBEB322D8D3520093EFDE /* AppDelegate.swift in Sources */,
			);
			runOnlyForDeploymentPostprocessing = 0;
		};
/* End PBXSourcesBuildPhase section */

/* Begin PBXVariantGroup section */
		289DBEB622D8D3520093EFDE /* Main.storyboard */ = {
			isa = PBXVariantGroup;
			children = (
				289DBEB722D8D3520093EFDE /* Base */,
			);
			name = Main.storyboard;
			sourceTree = "<group>";
		};
		289DBEBB22D8D3540093EFDE /* LaunchScreen.storyboard */ = {
			isa = PBXVariantGroup;
			children = (
				289DBEBC22D8D3540093EFDE /* Base */,
			);
			name = LaunchScreen.storyboard;
			sourceTree = "<group>";
		};
/* End PBXVariantGroup section */

/* Begin XCBuildConfiguration section */
		289DBEBF22D8D3540093EFDE /* Debug */ = {
			isa = XCBuildConfiguration;
			buildSettings = {
				ALWAYS_SEARCH_USER_PATHS = NO;
				CLANG_ANALYZER_NONNULL = YES;
				CLANG_ANALYZER_NUMBER_OBJECT_CONVERSION = YES_AGGRESSIVE;
				CLANG_CXX_LANGUAGE_STANDARD = "gnu++14";
				CLANG_CXX_LIBRARY = "libc++";
				CLANG_ENABLE_MODULES = YES;
				CLANG_ENABLE_OBJC_ARC = YES;
				CLANG_ENABLE_OBJC_WEAK = YES;
				CLANG_WARN_BLOCK_CAPTURE_AUTORELEASING = YES;
				CLANG_WARN_BOOL_CONVERSION = YES;
				CLANG_WARN_COMMA = YES;
				CLANG_WARN_CONSTANT_CONVERSION = YES;
				CLANG_WARN_DEPRECATED_OBJC_IMPLEMENTATIONS = YES;
				CLANG_WARN_DIRECT_OBJC_ISA_USAGE = YES_ERROR;
				CLANG_WARN_DOCUMENTATION_COMMENTS = YES;
				CLANG_WARN_EMPTY_BODY = YES;
				CLANG_WARN_ENUM_CONVERSION = YES;
				CLANG_WARN_INFINITE_RECURSION = YES;
				CLANG_WARN_INT_CONVERSION = YES;
				CLANG_WARN_NON_LITERAL_NULL_CONVERSION = YES;
				CLANG_WARN_OBJC_IMPLICIT_RETAIN_SELF = YES;
				CLANG_WARN_OBJC_LITERAL_CONVERSION = YES;
				CLANG_WARN_OBJC_ROOT_CLASS = YES_ERROR;
				CLANG_WARN_RANGE_LOOP_ANALYSIS = YES;
				CLANG_WARN_STRICT_PROTOTYPES = YES;
				CLANG_WARN_SUSPICIOUS_MOVE = YES;
				CLANG_WARN_UNGUARDED_AVAILABILITY = YES_AGGRESSIVE;
				CLANG_WARN_UNREACHABLE_CODE = YES;
				CLANG_WARN__DUPLICATE_METHOD_MATCH = YES;
				CODE_SIGN_IDENTITY = "iPhone Developer";
				COPY_PHASE_STRIP = NO;
				DEBUG_INFORMATION_FORMAT = dwarf;
				ENABLE_STRICT_OBJC_MSGSEND = YES;
				ENABLE_TESTABILITY = YES;
				GCC_C_LANGUAGE_STANDARD = gnu11;
				GCC_DYNAMIC_NO_PIC = NO;
				GCC_NO_COMMON_BLOCKS = YES;
				GCC_OPTIMIZATION_LEVEL = 0;
				GCC_PREPROCESSOR_DEFINITIONS = (
					"DEBUG=1",
					"$(inherited)",
				);
				GCC_WARN_64_TO_32_BIT_CONVERSION = YES;
				GCC_WARN_ABOUT_RETURN_TYPE = YES_ERROR;
				GCC_WARN_UNDECLARED_SELECTOR = YES;
				GCC_WARN_UNINITIALIZED_AUTOS = YES_AGGRESSIVE;
				GCC_WARN_UNUSED_FUNCTION = YES;
				GCC_WARN_UNUSED_VARIABLE = YES;
				IPHONEOS_DEPLOYMENT_TARGET = 12.1;
				MTL_ENABLE_DEBUG_INFO = INCLUDE_SOURCE;
				MTL_FAST_MATH = YES;
				ONLY_ACTIVE_ARCH = YES;
				SDKROOT = iphoneos;
				SWIFT_ACTIVE_COMPILATION_CONDITIONS = DEBUG;
				SWIFT_OPTIMIZATION_LEVEL = "-Onone";
			};
			name = Debug;
		};
		289DBEC022D8D3540093EFDE /* Release */ = {
			isa = XCBuildConfiguration;
			buildSettings = {
				ALWAYS_SEARCH_USER_PATHS = NO;
				CLANG_ANALYZER_NONNULL = YES;
				CLANG_ANALYZER_NUMBER_OBJECT_CONVERSION = YES_AGGRESSIVE;
				CLANG_CXX_LANGUAGE_STANDARD = "gnu++14";
				CLANG_CXX_LIBRARY = "libc++";
				CLANG_ENABLE_MODULES = YES;
				CLANG_ENABLE_OBJC_ARC = YES;
				CLANG_ENABLE_OBJC_WEAK = YES;
				CLANG_WARN_BLOCK_CAPTURE_AUTORELEASING = YES;
				CLANG_WARN_BOOL_CONVERSION = YES;
				CLANG_WARN_COMMA = YES;
				CLANG_WARN_CONSTANT_CONVERSION = YES;
				CLANG_WARN_DEPRECATED_OBJC_IMPLEMENTATIONS = YES;
				CLANG_WARN_DIRECT_OBJC_ISA_USAGE = YES_ERROR;
				CLANG_WARN_DOCUMENTATION_COMMENTS = YES;
				CLANG_WARN_EMPTY_BODY = YES;
				CLANG_WARN_ENUM_CONVERSION = YES;
				CLANG_WARN_INFINITE_RECURSION = YES;
				CLANG_WARN_INT_CONVERSION = YES;
				CLANG_WARN_NON_LITERAL_NULL_CONVERSION = YES;
				CLANG_WARN_OBJC_IMPLICIT_RETAIN_SELF = YES;
				CLANG_WARN_OBJC_LITERAL_CONVERSION = YES;
				CLANG_WARN_OBJC_ROOT_CLASS = YES_ERROR;
				CLANG_WARN_RANGE_LOOP_ANALYSIS = YES;
				CLANG_WARN_STRICT_PROTOTYPES = YES;
				CLANG_WARN_SUSPICIOUS_MOVE = YES;
				CLANG_WARN_UNGUARDED_AVAILABILITY = YES_AGGRESSIVE;
				CLANG_WARN_UNREACHABLE_CODE = YES;
				CLANG_WARN__DUPLICATE_METHOD_MATCH = YES;
				CODE_SIGN_IDENTITY = "iPhone Developer";
				COPY_PHASE_STRIP = NO;
				DEBUG_INFORMATION_FORMAT = "dwarf-with-dsym";
				ENABLE_NS_ASSERTIONS = NO;
				ENABLE_STRICT_OBJC_MSGSEND = YES;
				GCC_C_LANGUAGE_STANDARD = gnu11;
				GCC_NO_COMMON_BLOCKS = YES;
				GCC_WARN_64_TO_32_BIT_CONVERSION = YES;
				GCC_WARN_ABOUT_RETURN_TYPE = YES_ERROR;
				GCC_WARN_UNDECLARED_SELECTOR = YES;
				GCC_WARN_UNINITIALIZED_AUTOS = YES_AGGRESSIVE;
				GCC_WARN_UNUSED_FUNCTION = YES;
				GCC_WARN_UNUSED_VARIABLE = YES;
				IPHONEOS_DEPLOYMENT_TARGET = 12.1;
				MTL_ENABLE_DEBUG_INFO = NO;
				MTL_FAST_MATH = YES;
				SDKROOT = iphoneos;
				SWIFT_COMPILATION_MODE = wholemodule;
				SWIFT_OPTIMIZATION_LEVEL = "-O";
				VALIDATE_PRODUCT = YES;
			};
			name = Release;
		};
		289DBEC222D8D3540093EFDE /* Debug */ = {
			isa = XCBuildConfiguration;
			buildSettings = {
				ASSETCATALOG_COMPILER_APPICON_NAME = AppIcon;
				CODE_SIGN_STYLE = Automatic;
				INFOPLIST_FILE = ImageScale/Info.plist;
				LD_RUNPATH_SEARCH_PATHS = (
					"$(inherited)",
					"@executable_path/Frameworks",
				);
				PRODUCT_BUNDLE_IDENTIFIER = AK.ImageScale;
				PRODUCT_NAME = "$(TARGET_NAME)";
				SWIFT_VERSION = 4.2;
				TARGETED_DEVICE_FAMILY = "1,2";
			};
			name = Debug;
		};
		289DBEC322D8D3540093EFDE /* Release */ = {
			isa = XCBuildConfiguration;
			buildSettings = {
				ASSETCATALOG_COMPILER_APPICON_NAME = AppIcon;
				CODE_SIGN_STYLE = Automatic;
				INFOPLIST_FILE = ImageScale/Info.plist;
				LD_RUNPATH_SEARCH_PATHS = (
					"$(inherited)",
					"@executable_path/Frameworks",
				);
				PRODUCT_BUNDLE_IDENTIFIER = AK.ImageScale;
				PRODUCT_NAME = "$(TARGET_NAME)";
				SWIFT_VERSION = 4.2;
				TARGETED_DEVICE_FAMILY = "1,2";
			};
			name = Release;
		};
/* End XCBuildConfiguration section */

/* Begin XCConfigurationList section */
		289DBEAA22D8D3520093EFDE /* Build configuration list for PBXProject "ImageScale" */ = {
			isa = XCConfigurationList;
			buildConfigurations = (
				289DBEBF22D8D3540093EFDE /* Debug */,
				289DBEC022D8D3540093EFDE /* Release */,
			);
			defaultConfigurationIsVisible = 0;
			defaultConfigurationName = Release;
		};
		289DBEC122D8D3540093EFDE /* Build configuration list for PBXNativeTarget "ImageScale" */ = {
			isa = XCConfigurationList;
			buildConfigurations = (
				289DBEC222D8D3540093EFDE /* Debug */,
				289DBEC322D8D3540093EFDE /* Release */,
			);
			defaultConfigurationIsVisible = 0;
			defaultConfigurationName = Release;
		};
/* End XCConfigurationList section */
	};
	rootObject = 289DBEA722D8D3520093EFDE /* Project object */;
}
